// !$*UTF8*$!
{
	archiveVersion = 1;
	classes = {
	};
	objectVersion = 50;
	objects = {

/* Begin PBXBuildFile section */
		18BD595F23F48F0500503261 /* AppDelegate.swift in Sources */ = {isa = PBXBuildFile; fileRef = 18BD595E23F48F0500503261 /* AppDelegate.swift */; };
		18BD596123F48F0500503261 /* SceneDelegate.swift in Sources */ = {isa = PBXBuildFile; fileRef = 18BD596023F48F0500503261 /* SceneDelegate.swift */; };
		18BD596323F48F0500503261 /* ContentView.swift in Sources */ = {isa = PBXBuildFile; fileRef = 18BD596223F48F0500503261 /* ContentView.swift */; };
		18BD596523F48F0700503261 /* Assets.xcassets in Resources */ = {isa = PBXBuildFile; fileRef = 18BD596423F48F0700503261 /* Assets.xcassets */; };
		18BD596823F48F0700503261 /* Preview Assets.xcassets in Resources */ = {isa = PBXBuildFile; fileRef = 18BD596723F48F0700503261 /* Preview Assets.xcassets */; };
		18BD596B23F48F0700503261 /* LaunchScreen.storyboard in Resources */ = {isa = PBXBuildFile; fileRef = 18BD596923F48F0700503261 /* LaunchScreen.storyboard */; };
		18BD597623F48F0700503261 /* TravelReviewerTests.swift in Sources */ = {isa = PBXBuildFile; fileRef = 18BD597523F48F0700503261 /* TravelReviewerTests.swift */; };
/* End PBXBuildFile section */

/* Begin PBXContainerItemProxy section */
		18BD597223F48F0700503261 /* PBXContainerItemProxy */ = {
			isa = PBXContainerItemProxy;
			containerPortal = 18BD595323F48F0500503261 /* Project object */;
			proxyType = 1;
			remoteGlobalIDString = 18BD595A23F48F0500503261;
			remoteInfo = TravelReviewer;
		};
/* End PBXContainerItemProxy section */

/* Begin PBXFileReference section */
		18BD595B23F48F0500503261 /* TravelReviewer.app */ = {isa = PBXFileReference; explicitFileType = wrapper.application; includeInIndex = 0; path = TravelReviewer.app; sourceTree = BUILT_PRODUCTS_DIR; };
		18BD595E23F48F0500503261 /* AppDelegate.swift */ = {isa = PBXFileReference; lastKnownFileType = sourcecode.swift; path = AppDelegate.swift; sourceTree = "<group>"; };
		18BD596023F48F0500503261 /* SceneDelegate.swift */ = {isa = PBXFileReference; lastKnownFileType = sourcecode.swift; path = SceneDelegate.swift; sourceTree = "<group>"; };
		18BD596223F48F0500503261 /* ContentView.swift */ = {isa = PBXFileReference; lastKnownFileType = sourcecode.swift; path = ContentView.swift; sourceTree = "<group>"; };
		18BD596423F48F0700503261 /* Assets.xcassets */ = {isa = PBXFileReference; lastKnownFileType = folder.assetcatalog; path = Assets.xcassets; sourceTree = "<group>"; };
		18BD596723F48F0700503261 /* Preview Assets.xcassets */ = {isa = PBXFileReference; lastKnownFileType = folder.assetcatalog; path = "Preview Assets.xcassets"; sourceTree = "<group>"; };
		18BD596A23F48F0700503261 /* Base */ = {isa = PBXFileReference; lastKnownFileType = file.storyboard; name = Base; path = Base.lproj/LaunchScreen.storyboard; sourceTree = "<group>"; };
		18BD596C23F48F0700503261 /* Info.plist */ = {isa = PBXFileReference; lastKnownFileType = text.plist.xml; path = Info.plist; sourceTree = "<group>"; };
		18BD597123F48F0700503261 /* TravelReviewerTests.xctest */ = {isa = PBXFileReference; explicitFileType = wrapper.cfbundle; includeInIndex = 0; path = TravelReviewerTests.xctest; sourceTree = BUILT_PRODUCTS_DIR; };
		18BD597523F48F0700503261 /* TravelReviewerTests.swift */ = {isa = PBXFileReference; lastKnownFileType = sourcecode.swift; path = TravelReviewerTests.swift; sourceTree = "<group>"; };
		18BD597723F48F0700503261 /* Info.plist */ = {isa = PBXFileReference; lastKnownFileType = text.plist.xml; path = Info.plist; sourceTree = "<group>"; };
/* End PBXFileReference section */

/* Begin PBXFrameworksBuildPhase section */
		18BD595823F48F0500503261 /* Frameworks */ = {
			isa = PBXFrameworksBuildPhase;
			buildActionMask = 2147483647;
			files = (
			);
			runOnlyForDeploymentPostprocessing = 0;
		};
		18BD596E23F48F0700503261 /* Frameworks */ = {
			isa = PBXFrameworksBuildPhase;
			buildActionMask = 2147483647;
			files = (
			);
			runOnlyForDeploymentPostprocessing = 0;
		};
/* End PBXFrameworksBuildPhase section */

/* Begin PBXGroup section */
		18BD595223F48F0500503261 = {
			isa = PBXGroup;
			children = (
				18BD595D23F48F0500503261 /* TravelReviewer */,
				18BD597423F48F0700503261 /* TravelReviewerTests */,
				18BD595C23F48F0500503261 /* Products */,
			);
			sourceTree = "<group>";
		};
		18BD595C23F48F0500503261 /* Products */ = {
			isa = PBXGroup;
			children = (
				18BD595B23F48F0500503261 /* TravelReviewer.app */,
				18BD597123F48F0700503261 /* TravelReviewerTests.xctest */,
			);
			name = Products;
			sourceTree = "<group>";
		};
		18BD595D23F48F0500503261 /* TravelReviewer */ = {
			isa = PBXGroup;
			children = (
				18BD595E23F48F0500503261 /* AppDelegate.swift */,
				18BD596023F48F0500503261 /* SceneDelegate.swift */,
				18BD596223F48F0500503261 /* ContentView.swift */,
				18BD596423F48F0700503261 /* Assets.xcassets */,
				18BD596923F48F0700503261 /* LaunchScreen.storyboard */,
				18BD596C23F48F0700503261 /* Info.plist */,
				18BD596623F48F0700503261 /* Preview Content */,
			);
			path = TravelReviewer;
			sourceTree = "<group>";
		};
		18BD596623F48F0700503261 /* Preview Content */ = {
			isa = PBXGroup;
			children = (
				18BD596723F48F0700503261 /* Preview Assets.xcassets */,
			);
			path = "Preview Content";
			sourceTree = "<group>";
		};
		18BD597423F48F0700503261 /* TravelReviewerTests */ = {
			isa = PBXGroup;
			children = (
				18BD597523F48F0700503261 /* TravelReviewerTests.swift */,
				18BD597723F48F0700503261 /* Info.plist */,
			);
			path = TravelReviewerTests;
			sourceTree = "<group>";
		};
/* End PBXGroup section */

/* Begin PBXNativeTarget section */
		18BD595A23F48F0500503261 /* TravelReviewer */ = {
			isa = PBXNativeTarget;
			buildConfigurationList = 18BD597A23F48F0700503261 /* Build configuration list for PBXNativeTarget "TravelReviewer" */;
			buildPhases = (
				18BD595723F48F0500503261 /* Sources */,
				18BD595823F48F0500503261 /* Frameworks */,
				18BD595923F48F0500503261 /* Resources */,
			);
			buildRules = (
			);
			dependencies = (
			);
			name = TravelReviewer;
			productName = TravelReviewer;
			productReference = 18BD595B23F48F0500503261 /* TravelReviewer.app */;
			productType = "com.apple.product-type.application";
		};
		18BD597023F48F0700503261 /* TravelReviewerTests */ = {
			isa = PBXNativeTarget;
			buildConfigurationList = 18BD597D23F48F0700503261 /* Build configuration list for PBXNativeTarget "TravelReviewerTests" */;
			buildPhases = (
				18BD596D23F48F0700503261 /* Sources */,
				18BD596E23F48F0700503261 /* Frameworks */,
				18BD596F23F48F0700503261 /* Resources */,
			);
			buildRules = (
			);
			dependencies = (
				18BD597323F48F0700503261 /* PBXTargetDependency */,
			);
			name = TravelReviewerTests;
			productName = TravelReviewerTests;
			productReference = 18BD597123F48F0700503261 /* TravelReviewerTests.xctest */;
			productType = "com.apple.product-type.bundle.unit-test";
		};
/* End PBXNativeTarget section */

/* Begin PBXProject section */
		18BD595323F48F0500503261 /* Project object */ = {
			isa = PBXProject;
			attributes = {
				LastSwiftUpdateCheck = 1130;
				LastUpgradeCheck = 1130;
				ORGANIZATIONNAME = "Daniel Metzing";
				TargetAttributes = {
					18BD595A23F48F0500503261 = {
						CreatedOnToolsVersion = 11.3.1;
					};
					18BD597023F48F0700503261 = {
						CreatedOnToolsVersion = 11.3.1;
						TestTargetID = 18BD595A23F48F0500503261;
					};
				};
			};
			buildConfigurationList = 18BD595623F48F0500503261 /* Build configuration list for PBXProject "TravelReviewer" */;
			compatibilityVersion = "Xcode 9.3";
			developmentRegion = en;
			hasScannedForEncodings = 0;
			knownRegions = (
				en,
				Base,
			);
			mainGroup = 18BD595223F48F0500503261;
			productRefGroup = 18BD595C23F48F0500503261 /* Products */;
			projectDirPath = "";
			projectRoot = "";
			targets = (
				18BD595A23F48F0500503261 /* TravelReviewer */,
				18BD597023F48F0700503261 /* TravelReviewerTests */,
			);
		};
/* End PBXProject section */

/* Begin PBXResourcesBuildPhase section */
		18BD595923F48F0500503261 /* Resources */ = {
			isa = PBXResourcesBuildPhase;
			buildActionMask = 2147483647;
			files = (
				18BD596B23F48F0700503261 /* LaunchScreen.storyboard in Resources */,
				18BD596823F48F0700503261 /* Preview Assets.xcassets in Resources */,
				18BD596523F48F0700503261 /* Assets.xcassets in Resources */,
			);
			runOnlyForDeploymentPostprocessing = 0;
		};
		18BD596F23F48F0700503261 /* Resources */ = {
			isa = PBXResourcesBuildPhase;
			buildActionMask = 2147483647;
			files = (
			);
			runOnlyForDeploymentPostprocessing = 0;
		};
/* End PBXResourcesBuildPhase section */

/* Begin PBXSourcesBuildPhase section */
		18BD595723F48F0500503261 /* Sources */ = {
			isa = PBXSourcesBuildPhase;
			buildActionMask = 2147483647;
			files = (
				18BD595F23F48F0500503261 /* AppDelegate.swift in Sources */,
				18BD596123F48F0500503261 /* SceneDelegate.swift in Sources */,
				18BD596323F48F0500503261 /* ContentView.swift in Sources */,
			);
			runOnlyForDeploymentPostprocessing = 0;
		};
		18BD596D23F48F0700503261 /* Sources */ = {
			isa = PBXSourcesBuildPhase;
			buildActionMask = 2147483647;
			files = (
				18BD597623F48F0700503261 /* TravelReviewerTests.swift in Sources */,
			);
			runOnlyForDeploymentPostprocessing = 0;
		};
/* End PBXSourcesBuildPhase section */

/* Begin PBXTargetDependency section */
		18BD597323F48F0700503261 /* PBXTargetDependency */ = {
			isa = PBXTargetDependency;
			target = 18BD595A23F48F0500503261 /* TravelReviewer */;
			targetProxy = 18BD597223F48F0700503261 /* PBXContainerItemProxy */;
		};
/* End PBXTargetDependency section */

/* Begin PBXVariantGroup section */
		18BD596923F48F0700503261 /* LaunchScreen.storyboard */ = {
			isa = PBXVariantGroup;
			children = (
				18BD596A23F48F0700503261 /* Base */,
			);
			name = LaunchScreen.storyboard;
			sourceTree = "<group>";
		};
/* End PBXVariantGroup section */

/* Begin XCBuildConfiguration section */
		18BD597823F48F0700503261 /* Debug */ = {
			isa = XCBuildConfiguration;
			buildSettings = {
				ALWAYS_SEARCH_USER_PATHS = NO;
				CLANG_ANALYZER_NONNULL = YES;
				CLANG_ANALYZER_NUMBER_OBJECT_CONVERSION = YES_AGGRESSIVE;
				CLANG_CXX_LANGUAGE_STANDARD = "gnu++14";
				CLANG_CXX_LIBRARY = "libc++";
				CLANG_ENABLE_MODULES = YES;
				CLANG_ENABLE_OBJC_ARC = YES;
				CLANG_ENABLE_OBJC_WEAK = YES;
				CLANG_WARN_BLOCK_CAPTURE_AUTORELEASING = YES;
				CLANG_WARN_BOOL_CONVERSION = YES;
				CLANG_WARN_COMMA = YES;
				CLANG_WARN_CONSTANT_CONVERSION = YES;
				CLANG_WARN_DEPRECATED_OBJC_IMPLEMENTATIONS = YES;
				CLANG_WARN_DIRECT_OBJC_ISA_USAGE = YES_ERROR;
				CLANG_WARN_DOCUMENTATION_COMMENTS = YES;
				CLANG_WARN_EMPTY_BODY = YES;
				CLANG_WARN_ENUM_CONVERSION = YES;
				CLANG_WARN_INFINITE_RECURSION = YES;
				CLANG_WARN_INT_CONVERSION = YES;
				CLANG_WARN_NON_LITERAL_NULL_CONVERSION = YES;
				CLANG_WARN_OBJC_IMPLICIT_RETAIN_SELF = YES;
				CLANG_WARN_OBJC_LITERAL_CONVERSION = YES;
				CLANG_WARN_OBJC_ROOT_CLASS = YES_ERROR;
				CLANG_WARN_RANGE_LOOP_ANALYSIS = YES;
				CLANG_WARN_STRICT_PROTOTYPES = YES;
				CLANG_WARN_SUSPICIOUS_MOVE = YES;
				CLANG_WARN_UNGUARDED_AVAILABILITY = YES_AGGRESSIVE;
				CLANG_WARN_UNREACHABLE_CODE = YES;
				CLANG_WARN__DUPLICATE_METHOD_MATCH = YES;
				COPY_PHASE_STRIP = NO;
				DEBUG_INFORMATION_FORMAT = dwarf;
				ENABLE_STRICT_OBJC_MSGSEND = YES;
				ENABLE_TESTABILITY = YES;
				GCC_C_LANGUAGE_STANDARD = gnu11;
				GCC_DYNAMIC_NO_PIC = NO;
				GCC_NO_COMMON_BLOCKS = YES;
				GCC_OPTIMIZATION_LEVEL = 0;
				GCC_PREPROCESSOR_DEFINITIONS = (
					"DEBUG=1",
					"$(inherited)",
				);
				GCC_WARN_64_TO_32_BIT_CONVERSION = YES;
				GCC_WARN_ABOUT_RETURN_TYPE = YES_ERROR;
				GCC_WARN_UNDECLARED_SELECTOR = YES;
				GCC_WARN_UNINITIALIZED_AUTOS = YES_AGGRESSIVE;
				GCC_WARN_UNUSED_FUNCTION = YES;
				GCC_WARN_UNUSED_VARIABLE = YES;
				IPHONEOS_DEPLOYMENT_TARGET = 13.2;
				MTL_ENABLE_DEBUG_INFO = INCLUDE_SOURCE;
				MTL_FAST_MATH = YES;
				ONLY_ACTIVE_ARCH = YES;
				SDKROOT = iphoneos;
				SWIFT_ACTIVE_COMPILATION_CONDITIONS = DEBUG;
				SWIFT_OPTIMIZATION_LEVEL = "-Onone";
			};
			name = Debug;
		};
		18BD597923F48F0700503261 /* Release */ = {
			isa = XCBuildConfiguration;
			buildSettings = {
				ALWAYS_SEARCH_USER_PATHS = NO;
				CLANG_ANALYZER_NONNULL = YES;
				CLANG_ANALYZER_NUMBER_OBJECT_CONVERSION = YES_AGGRESSIVE;
				CLANG_CXX_LANGUAGE_STANDARD = "gnu++14";
				CLANG_CXX_LIBRARY = "libc++";
				CLANG_ENABLE_MODULES = YES;
				CLANG_ENABLE_OBJC_ARC = YES;
				CLANG_ENABLE_OBJC_WEAK = YES;
				CLANG_WARN_BLOCK_CAPTURE_AUTORELEASING = YES;
				CLANG_WARN_BOOL_CONVERSION = YES;
				CLANG_WARN_COMMA = YES;
				CLANG_WARN_CONSTANT_CONVERSION = YES;
				CLANG_WARN_DEPRECATED_OBJC_IMPLEMENTATIONS = YES;
				CLANG_WARN_DIRECT_OBJC_ISA_USAGE = YES_ERROR;
				CLANG_WARN_DOCUMENTATION_COMMENTS = YES;
				CLANG_WARN_EMPTY_BODY = YES;
				CLANG_WARN_ENUM_CONVERSION = YES;
				CLANG_WARN_INFINITE_RECURSION = YES;
				CLANG_WARN_INT_CONVERSION = YES;
				CLANG_WARN_NON_LITERAL_NULL_CONVERSION = YES;
				CLANG_WARN_OBJC_IMPLICIT_RETAIN_SELF = YES;
				CLANG_WARN_OBJC_LITERAL_CONVERSION = YES;
				CLANG_WARN_OBJC_ROOT_CLASS = YES_ERROR;
				CLANG_WARN_RANGE_LOOP_ANALYSIS = YES;
				CLANG_WARN_STRICT_PROTOTYPES = YES;
				CLANG_WARN_SUSPICIOUS_MOVE = YES;
				CLANG_WARN_UNGUARDED_AVAILABILITY = YES_AGGRESSIVE;
				CLANG_WARN_UNREACHABLE_CODE = YES;
				CLANG_WARN__DUPLICATE_METHOD_MATCH = YES;
				COPY_PHASE_STRIP = NO;
				DEBUG_INFORMATION_FORMAT = "dwarf-with-dsym";
				ENABLE_NS_ASSERTIONS = NO;
				ENABLE_STRICT_OBJC_MSGSEND = YES;
				GCC_C_LANGUAGE_STANDARD = gnu11;
				GCC_NO_COMMON_BLOCKS = YES;
				GCC_WARN_64_TO_32_BIT_CONVERSION = YES;
				GCC_WARN_ABOUT_RETURN_TYPE = YES_ERROR;
				GCC_WARN_UNDECLARED_SELECTOR = YES;
				GCC_WARN_UNINITIALIZED_AUTOS = YES_AGGRESSIVE;
				GCC_WARN_UNUSED_FUNCTION = YES;
				GCC_WARN_UNUSED_VARIABLE = YES;
				IPHONEOS_DEPLOYMENT_TARGET = 13.2;
				MTL_ENABLE_DEBUG_INFO = NO;
				MTL_FAST_MATH = YES;
				SDKROOT = iphoneos;
				SWIFT_COMPILATION_MODE = wholemodule;
				SWIFT_OPTIMIZATION_LEVEL = "-O";
				VALIDATE_PRODUCT = YES;
			};
			name = Release;
		};
		18BD597B23F48F0700503261 /* Debug */ = {
			isa = XCBuildConfiguration;
			buildSettings = {
				ASSETCATALOG_COMPILER_APPICON_NAME = AppIcon;
				CODE_SIGN_STYLE = Automatic;
				DEVELOPMENT_ASSET_PATHS = "\"TravelReviewer/Preview Content\"";
				DEVELOPMENT_TEAM = V6UNSDB9C4;
				ENABLE_PREVIEWS = YES;
				INFOPLIST_FILE = TravelReviewer/Info.plist;
				LD_RUNPATH_SEARCH_PATHS = (
					"$(inherited)",
					"@executable_path/Frameworks",
				);
				PRODUCT_BUNDLE_IDENTIFIER = com.dirtylabs.TravelReviewer;
				PRODUCT_NAME = "$(TARGET_NAME)";
				SWIFT_VERSION = 5.0;
				TARGETED_DEVICE_FAMILY = "1,2";
			};
			name = Debug;
		};
		18BD597C23F48F0700503261 /* Release */ = {
			isa = XCBuildConfiguration;
			buildSettings = {
				ASSETCATALOG_COMPILER_APPICON_NAME = AppIcon;
				CODE_SIGN_STYLE = Automatic;
				DEVELOPMENT_ASSET_PATHS = "\"TravelReviewer/Preview Content\"";
				DEVELOPMENT_TEAM = V6UNSDB9C4;
				ENABLE_PREVIEWS = YES;
				INFOPLIST_FILE = TravelReviewer/Info.plist;
				LD_RUNPATH_SEARCH_PATHS = (
					"$(inherited)",
					"@executable_path/Frameworks",
				);
				PRODUCT_BUNDLE_IDENTIFIER = com.dirtylabs.TravelReviewer;
				PRODUCT_NAME = "$(TARGET_NAME)";
				SWIFT_VERSION = 5.0;
				TARGETED_DEVICE_FAMILY = "1,2";
			};
			name = Release;
		};
		18BD597E23F48F0700503261 /* Debug */ = {
			isa = XCBuildConfiguration;
			buildSettings = {
				ALWAYS_EMBED_SWIFT_STANDARD_LIBRARIES = YES;
				BUNDLE_LOADER = "$(TEST_HOST)";
				CODE_SIGN_STYLE = Automatic;
				DEVELOPMENT_TEAM = V6UNSDB9C4;
				INFOPLIST_FILE = TravelReviewerTests/Info.plist;
				IPHONEOS_DEPLOYMENT_TARGET = 13.2;
				LD_RUNPATH_SEARCH_PATHS = (
					"$(inherited)",
					"@executable_path/Frameworks",
					"@loader_path/Frameworks",
				);
				PRODUCT_BUNDLE_IDENTIFIER = com.dirtylabs.TravelReviewerTests;
				PRODUCT_NAME = "$(TARGET_NAME)";
				SWIFT_VERSION = 5.0;
				TARGETED_DEVICE_FAMILY = "1,2";
				TEST_HOST = "$(BUILT_PRODUCTS_DIR)/TravelReviewer.app/TravelReviewer";
			};
			name = Debug;
		};
		18BD597F23F48F0700503261 /* Release */ = {
			isa = XCBuildConfiguration;
			buildSettings = {
				ALWAYS_EMBED_SWIFT_STANDARD_LIBRARIES = YES;
				BUNDLE_LOADER = "$(TEST_HOST)";
				CODE_SIGN_STYLE = Automatic;
				DEVELOPMENT_TEAM = V6UNSDB9C4;
				INFOPLIST_FILE = TravelReviewerTests/Info.plist;
				IPHONEOS_DEPLOYMENT_TARGET = 13.2;
				LD_RUNPATH_SEARCH_PATHS = (
					"$(inherited)",
					"@executable_path/Frameworks",
					"@loader_path/Frameworks",
				);
				PRODUCT_BUNDLE_IDENTIFIER = com.dirtylabs.TravelReviewerTests;
				PRODUCT_NAME = "$(TARGET_NAME)";
				SWIFT_VERSION = 5.0;
				TARGETED_DEVICE_FAMILY = "1,2";
				TEST_HOST = "$(BUILT_PRODUCTS_DIR)/TravelReviewer.app/TravelReviewer";
			};
			name = Release;
		};
/* End XCBuildConfiguration section */

/* Begin XCConfigurationList section */
		18BD595623F48F0500503261 /* Build configuration list for PBXProject "TravelReviewer" */ = {
			isa = XCConfigurationList;
			buildConfigurations = (
				18BD597823F48F0700503261 /* Debug */,
				18BD597923F48F0700503261 /* Release */,
			);
			defaultConfigurationIsVisible = 0;
			defaultConfigurationName = Release;
		};
		18BD597A23F48F0700503261 /* Build configuration list for PBXNativeTarget "TravelReviewer" */ = {
			isa = XCConfigurationList;
			buildConfigurations = (
				18BD597B23F48F0700503261 /* Debug */,
				18BD597C23F48F0700503261 /* Release */,
			);
			defaultConfigurationIsVisible = 0;
			defaultConfigurationName = Release;
		};
		18BD597D23F48F0700503261 /* Build configuration list for PBXNativeTarget "TravelReviewerTests" */ = {
			isa = XCConfigurationList;
			buildConfigurations = (
				18BD597E23F48F0700503261 /* Debug */,
				18BD597F23F48F0700503261 /* Release */,
			);
			defaultConfigurationIsVisible = 0;
			defaultConfigurationName = Release;
		};
/* End XCConfigurationList section */
	};
	rootObject = 18BD595323F48F0500503261 /* Project object */;
}
